
Microsoft Visual Studio Solution File, Format Version 12.00
# Visual Studio Version 17
VisualStudioVersion = 17.11.35303.130
MinimumVisualStudioVersion = 10.0.40219.1
Project("{FAE04EC0-301F-11D3-BF4B-00C04F79EFBC}") = "OP_P6", "OP_P6\OP_P6.csproj", "{14B0286A-994B-442D-9794-DACD5B5F0FEF}"
EndProject
Global
	GlobalSection(SolutionConfigurationPlatforms) = preSolution
		Debug|Any CPU = Debug|Any CPU
		Release|Any CPU = Release|Any CPU
	EndGlobalSection
	GlobalSection(ProjectConfigurationPlatforms) = postSolution
		{14B0286A-994B-442D-9794-DACD5B5F0FEF}.Debug|Any CPU.ActiveCfg = Debug|Any CPU
		{14B0286A-994B-442D-9794-DACD5B5F0FEF}.Debug|Any CPU.Build.0 = Debug|Any CPU
		{14B0286A-994B-442D-9794-DACD5B5F0FEF}.Release|Any CPU.ActiveCfg = Release|Any CPU
		{14B0286A-994B-442D-9794-DACD5B5F0FEF}.Release|Any CPU.Build.0 = Release|Any CPU
	EndGlobalSection
	GlobalSection(SolutionProperties) = preSolution
		HideSolutionNode = FALSE
	EndGlobalSection
	GlobalSection(ExtensibilityGlobals) = postSolution
		SolutionGuid = {D33D612C-071C-48D9-97CA-B33E6D937F23}
	EndGlobalSection
EndGlobal
